
Microsoft Visual Studio Solution File, Format Version 12.00
# Visual Studio Version 17
VisualStudioVersion = 17.0.31903.59
MinimumVisualStudioVersion = 10.0.40219.1
Project("{2150E333-8FDC-42A3-9474-1A3956D46DE8}") = "src", "src", "{0C1B74AB-3E0F-4A01-B8E4-8E59D9209566}"
EndProject
Project("{FAE04EC0-301F-11D3-BF4B-00C04F79EFBC}") = "ShowtimeImporterLambda", "src\ShowtimeImporterLambda\ShowtimeImporterLambda.csproj", "{CBF5FBBC-04DA-4576-97FF-52EE54B066C8}"
EndProject
Project("{2150E333-8FDC-42A3-9474-1A3956D46DE8}") = "test", "test", "{2021645A-59AF-4EF0-9018-0081E2A2E98F}"
EndProject
Project("{FAE04EC0-301F-11D3-BF4B-00C04F79EFBC}") = "ShowtimeImporterLambda.Tests", "test\ShowtimeImporterLambda.Tests\ShowtimeImporterLambda.Tests.csproj", "{2B3B9AC0-64A0-489E-886B-7963ABBFBAD5}"
EndProject
Global
	GlobalSection(SolutionConfigurationPlatforms) = preSolution
		Debug|Any CPU = Debug|Any CPU
		Release|Any CPU = Release|Any CPU
	EndGlobalSection
	GlobalSection(SolutionProperties) = preSolution
		HideSolutionNode = FALSE
	EndGlobalSection
	GlobalSection(ProjectConfigurationPlatforms) = postSolution
		{CBF5FBBC-04DA-4576-97FF-52EE54B066C8}.Debug|Any CPU.ActiveCfg = Debug|Any CPU
		{CBF5FBBC-04DA-4576-97FF-52EE54B066C8}.Debug|Any CPU.Build.0 = Debug|Any CPU
		{CBF5FBBC-04DA-4576-97FF-52EE54B066C8}.Release|Any CPU.ActiveCfg = Release|Any CPU
		{CBF5FBBC-04DA-4576-97FF-52EE54B066C8}.Release|Any CPU.Build.0 = Release|Any CPU
		{2B3B9AC0-64A0-489E-886B-7963ABBFBAD5}.Debug|Any CPU.ActiveCfg = Debug|Any CPU
		{2B3B9AC0-64A0-489E-886B-7963ABBFBAD5}.Debug|Any CPU.Build.0 = Debug|Any CPU
		{2B3B9AC0-64A0-489E-886B-7963ABBFBAD5}.Release|Any CPU.ActiveCfg = Release|Any CPU
		{2B3B9AC0-64A0-489E-886B-7963ABBFBAD5}.Release|Any CPU.Build.0 = Release|Any CPU
	EndGlobalSection
	GlobalSection(NestedProjects) = preSolution
		{CBF5FBBC-04DA-4576-97FF-52EE54B066C8} = {0C1B74AB-3E0F-4A01-B8E4-8E59D9209566}
		{2B3B9AC0-64A0-489E-886B-7963ABBFBAD5} = {2021645A-59AF-4EF0-9018-0081E2A2E98F}
	EndGlobalSection
EndGlobal
